
Microsoft Visual Studio Solution File, Format Version 12.00
# Visual Studio Version 17
VisualStudioVersion = 17.5.002.0
MinimumVisualStudioVersion = 10.0.40219.1
Project("{9A19103F-16F7-4668-BE54-9A1E7A4F7556}") = "wundermanthompson-api", "wundermanthompson-api\wundermanthompson-api.csproj", "{01ED387F-01EB-4D87-B236-009CB8693225}"
EndProject
Project("{FAE04EC0-301F-11D3-BF4B-00C04F79EFBC}") = "UnitTestApi", "UnitTestApi\UnitTestApi.csproj", "{BABACA74-EBC7-49C3-9376-22389FAE3328}"
EndProject
Global
	GlobalSection(SolutionConfigurationPlatforms) = preSolution
		Debug|Any CPU = Debug|Any CPU
		Release|Any CPU = Release|Any CPU
	EndGlobalSection
	GlobalSection(ProjectConfigurationPlatforms) = postSolution
		{01ED387F-01EB-4D87-B236-009CB8693225}.Debug|Any CPU.ActiveCfg = Debug|Any CPU
		{01ED387F-01EB-4D87-B236-009CB8693225}.Debug|Any CPU.Build.0 = Debug|Any CPU
		{01ED387F-01EB-4D87-B236-009CB8693225}.Release|Any CPU.ActiveCfg = Release|Any CPU
		{01ED387F-01EB-4D87-B236-009CB8693225}.Release|Any CPU.Build.0 = Release|Any CPU
		{BABACA74-EBC7-49C3-9376-22389FAE3328}.Debug|Any CPU.ActiveCfg = Debug|Any CPU
		{BABACA74-EBC7-49C3-9376-22389FAE3328}.Debug|Any CPU.Build.0 = Debug|Any CPU
		{BABACA74-EBC7-49C3-9376-22389FAE3328}.Release|Any CPU.ActiveCfg = Release|Any CPU
		{BABACA74-EBC7-49C3-9376-22389FAE3328}.Release|Any CPU.Build.0 = Release|Any CPU
	EndGlobalSection
	GlobalSection(SolutionProperties) = preSolution
		HideSolutionNode = FALSE
	EndGlobalSection
	GlobalSection(ExtensibilityGlobals) = postSolution
		SolutionGuid = {49FA9AB2-F342-453D-A28D-AD00D7E37B70}
	EndGlobalSection
EndGlobal
